<Solution>
  <Folder Name="/src/" />
  <Folder Name="/src/API/">
    <Project Path="src/API/Booking_API/Booking_API.csproj" />
  </Folder>
  <Folder Name="/src/Application/">
    <Project Path="src/Application/Booking.Application/Booking.Application.csproj" />
  </Folder>
  <Folder Name="/src/Domain/">
    <Project Path="src/Domain/Booking.Domain/Booking.Domain.csproj" />
  </Folder>
  <Folder Name="/src/Infrastructure/">
    <Project Path="src/Infrastructure/Booking.Infrastructure/Booking.Infrastructure.csproj" />
  </Folder>
</Solution>
